
Microsoft Visual Studio Solution File, Format Version 12.00
# Visual Studio Version 17
VisualStudioVersion = 17.10.34707.107
MinimumVisualStudioVersion = 10.0.40219.1
Project("{C9674DCB-5085-4A16-B785-4C70DD1589BD}") = "projekt_gr3_warehouse", "projekt_gr3_warehouse\projekt_gr3_warehouse.dtproj", "{CA29E34C-25F7-42DC-A82C-99D9562763D9}"
EndProject
Global
	GlobalSection(SolutionConfigurationPlatforms) = preSolution
		Development|Default = Development|Default
	EndGlobalSection
	GlobalSection(ProjectConfigurationPlatforms) = postSolution
		{CA29E34C-25F7-42DC-A82C-99D9562763D9}.Development|Default.ActiveCfg = Development
		{CA29E34C-25F7-42DC-A82C-99D9562763D9}.Development|Default.Build.0 = Development
	EndGlobalSection
	GlobalSection(SolutionProperties) = preSolution
		HideSolutionNode = FALSE
	EndGlobalSection
	GlobalSection(ExtensibilityGlobals) = postSolution
		SolutionGuid = {D6EA2DB3-370E-4CB0-98E8-6158960FB8E5}
	EndGlobalSection
EndGlobal
